// !$*UTF8*$!
{
	archiveVersion = 1;
	classes = {
	};
	objectVersion = 50;
	objects = {

/* Begin PBXBuildFile section */
		03752B8D270CA6000056FA6D /* AppDelegate.swift in Sources */ = {isa = PBXBuildFile; fileRef = 03752B8C270CA6000056FA6D /* AppDelegate.swift */; };
		03752B8F270CA6000056FA6D /* SceneDelegate.swift in Sources */ = {isa = PBXBuildFile; fileRef = 03752B8E270CA6000056FA6D /* SceneDelegate.swift */; };
		03752B99270CA60A0056FA6D /* LaunchScreen.storyboard in Resources */ = {isa = PBXBuildFile; fileRef = 03752B97270CA60A0056FA6D /* LaunchScreen.storyboard */; };
		03752BA4270CA60A0056FA6D /* Home_AssignmentTests.swift in Sources */ = {isa = PBXBuildFile; fileRef = 03752BA3270CA60A0056FA6D /* Home_AssignmentTests.swift */; };
		03752BAF270CA60A0056FA6D /* Home_AssignmentUITests.swift in Sources */ = {isa = PBXBuildFile; fileRef = 03752BAE270CA60A0056FA6D /* Home_AssignmentUITests.swift */; };
		03752BF1270CE4DC0056FA6D /* Assets.xcassets in Resources */ = {isa = PBXBuildFile; fileRef = 03752BD9270CE4DC0056FA6D /* Assets.xcassets */; };
		03752BF2270CE4DC0056FA6D /* car_list.json in Resources */ = {isa = PBXBuildFile; fileRef = 03752BDB270CE4DC0056FA6D /* car_list.json */; };
		03752BF3270CE4DC0056FA6D /* GuidomiaFormatter.swift in Sources */ = {isa = PBXBuildFile; fileRef = 03752BDF270CE4DC0056FA6D /* GuidomiaFormatter.swift */; };
		03752BF4270CE4DC0056FA6D /* GuidomiaPresenter.swift in Sources */ = {isa = PBXBuildFile; fileRef = 03752BE0270CE4DC0056FA6D /* GuidomiaPresenter.swift */; };
		03752BF5270CE4DC0056FA6D /* CarCell.swift in Sources */ = {isa = PBXBuildFile; fileRef = 03752BE3270CE4DC0056FA6D /* CarCell.swift */; };
		03752BF6270CE4DC0056FA6D /* CarCell2.swift in Sources */ = {isa = PBXBuildFile; fileRef = 03752BE4270CE4DC0056FA6D /* CarCell2.swift */; };
		03752BF7270CE4DC0056FA6D /* CarCell2.xib in Resources */ = {isa = PBXBuildFile; fileRef = 03752BE5270CE4DC0056FA6D /* CarCell2.xib */; };
		03752BF8270CE4DC0056FA6D /* CarCellFormatter.swift in Sources */ = {isa = PBXBuildFile; fileRef = 03752BE6270CE4DC0056FA6D /* CarCellFormatter.swift */; };
		03752BF9270CE4DC0056FA6D /* CarDetails.swift in Sources */ = {isa = PBXBuildFile; fileRef = 03752BE8270CE4DC0056FA6D /* CarDetails.swift */; };
		03752BFA270CE4DC0056FA6D /* GuidomiaViewController.swift in Sources */ = {isa = PBXBuildFile; fileRef = 03752BEA270CE4DC0056FA6D /* GuidomiaViewController.swift */; };
		03752BFB270CE4DC0056FA6D /* JsonDecodingFromFile.swift in Sources */ = {isa = PBXBuildFile; fileRef = 03752BEC270CE4DC0056FA6D /* JsonDecodingFromFile.swift */; };
		03752BFC270CE4DC0056FA6D /* UIView+Extensions.swift in Sources */ = {isa = PBXBuildFile; fileRef = 03752BEE270CE4DC0056FA6D /* UIView+Extensions.swift */; };
		03752BFD270CE4DC0056FA6D /* Color+Extensions.swift in Sources */ = {isa = PBXBuildFile; fileRef = 03752BEF270CE4DC0056FA6D /* Color+Extensions.swift */; };
		03752BFE270CE4DC0056FA6D /* UILabel+Extensions.swift in Sources */ = {isa = PBXBuildFile; fileRef = 03752BF0270CE4DC0056FA6D /* UILabel+Extensions.swift */; };
/* End PBXBuildFile section */

/* Begin PBXContainerItemProxy section */
		03752BA0270CA60A0056FA6D /* PBXContainerItemProxy */ = {
			isa = PBXContainerItemProxy;
			containerPortal = 03752B81270CA6000056FA6D /* Project object */;
			proxyType = 1;
			remoteGlobalIDString = 03752B88270CA6000056FA6D;
			remoteInfo = Home_Assignment;
		};
		03752BAB270CA60A0056FA6D /* PBXContainerItemProxy */ = {
			isa = PBXContainerItemProxy;
			containerPortal = 03752B81270CA6000056FA6D /* Project object */;
			proxyType = 1;
			remoteGlobalIDString = 03752B88270CA6000056FA6D;
			remoteInfo = Home_Assignment;
		};
/* End PBXContainerItemProxy section */

/* Begin PBXFileReference section */
		03752B89270CA6000056FA6D /* Home_Assignment.app */ = {isa = PBXFileReference; explicitFileType = wrapper.application; includeInIndex = 0; path = Home_Assignment.app; sourceTree = BUILT_PRODUCTS_DIR; };
		03752B8C270CA6000056FA6D /* AppDelegate.swift */ = {isa = PBXFileReference; lastKnownFileType = sourcecode.swift; path = AppDelegate.swift; sourceTree = "<group>"; };
		03752B8E270CA6000056FA6D /* SceneDelegate.swift */ = {isa = PBXFileReference; lastKnownFileType = sourcecode.swift; path = SceneDelegate.swift; sourceTree = "<group>"; };
		03752B98270CA60A0056FA6D /* Base */ = {isa = PBXFileReference; lastKnownFileType = file.storyboard; name = Base; path = Base.lproj/LaunchScreen.storyboard; sourceTree = "<group>"; };
		03752B9A270CA60A0056FA6D /* Info.plist */ = {isa = PBXFileReference; lastKnownFileType = text.plist.xml; path = Info.plist; sourceTree = "<group>"; };
		03752B9F270CA60A0056FA6D /* Home_AssignmentTests.xctest */ = {isa = PBXFileReference; explicitFileType = wrapper.cfbundle; includeInIndex = 0; path = Home_AssignmentTests.xctest; sourceTree = BUILT_PRODUCTS_DIR; };
		03752BA3270CA60A0056FA6D /* Home_AssignmentTests.swift */ = {isa = PBXFileReference; lastKnownFileType = sourcecode.swift; path = Home_AssignmentTests.swift; sourceTree = "<group>"; };
		03752BA5270CA60A0056FA6D /* Info.plist */ = {isa = PBXFileReference; lastKnownFileType = text.plist.xml; path = Info.plist; sourceTree = "<group>"; };
		03752BAA270CA60A0056FA6D /* Home_AssignmentUITests.xctest */ = {isa = PBXFileReference; explicitFileType = wrapper.cfbundle; includeInIndex = 0; path = Home_AssignmentUITests.xctest; sourceTree = BUILT_PRODUCTS_DIR; };
		03752BAE270CA60A0056FA6D /* Home_AssignmentUITests.swift */ = {isa = PBXFileReference; lastKnownFileType = sourcecode.swift; path = Home_AssignmentUITests.swift; sourceTree = "<group>"; };
		03752BB0270CA60A0056FA6D /* Info.plist */ = {isa = PBXFileReference; lastKnownFileType = text.plist.xml; path = Info.plist; sourceTree = "<group>"; };
		03752BD9270CE4DC0056FA6D /* Assets.xcassets */ = {isa = PBXFileReference; lastKnownFileType = folder.assetcatalog; path = Assets.xcassets; sourceTree = "<group>"; };
		03752BDB270CE4DC0056FA6D /* car_list.json */ = {isa = PBXFileReference; fileEncoding = 4; lastKnownFileType = text.json; path = car_list.json; sourceTree = "<group>"; };
		03752BDF270CE4DC0056FA6D /* GuidomiaFormatter.swift */ = {isa = PBXFileReference; fileEncoding = 4; lastKnownFileType = sourcecode.swift; path = GuidomiaFormatter.swift; sourceTree = "<group>"; };
		03752BE0270CE4DC0056FA6D /* GuidomiaPresenter.swift */ = {isa = PBXFileReference; fileEncoding = 4; lastKnownFileType = sourcecode.swift; path = GuidomiaPresenter.swift; sourceTree = "<group>"; };
		03752BE3270CE4DC0056FA6D /* CarCell.swift */ = {isa = PBXFileReference; fileEncoding = 4; lastKnownFileType = sourcecode.swift; path = CarCell.swift; sourceTree = "<group>"; };
		03752BE4270CE4DC0056FA6D /* CarCell2.swift */ = {isa = PBXFileReference; fileEncoding = 4; lastKnownFileType = sourcecode.swift; path = CarCell2.swift; sourceTree = "<group>"; };
		03752BE5270CE4DC0056FA6D /* CarCell2.xib */ = {isa = PBXFileReference; fileEncoding = 4; lastKnownFileType = file.xib; path = CarCell2.xib; sourceTree = "<group>"; };
		03752BE6270CE4DC0056FA6D /* CarCellFormatter.swift */ = {isa = PBXFileReference; fileEncoding = 4; lastKnownFileType = sourcecode.swift; path = CarCellFormatter.swift; sourceTree = "<group>"; };
		03752BE8270CE4DC0056FA6D /* CarDetails.swift */ = {isa = PBXFileReference; fileEncoding = 4; lastKnownFileType = sourcecode.swift; path = CarDetails.swift; sourceTree = "<group>"; };
		03752BEA270CE4DC0056FA6D /* GuidomiaViewController.swift */ = {isa = PBXFileReference; fileEncoding = 4; lastKnownFileType = sourcecode.swift; path = GuidomiaViewController.swift; sourceTree = "<group>"; };
		03752BEC270CE4DC0056FA6D /* JsonDecodingFromFile.swift */ = {isa = PBXFileReference; fileEncoding = 4; lastKnownFileType = sourcecode.swift; path = JsonDecodingFromFile.swift; sourceTree = "<group>"; };
		03752BEE270CE4DC0056FA6D /* UIView+Extensions.swift */ = {isa = PBXFileReference; fileEncoding = 4; lastKnownFileType = sourcecode.swift; path = "UIView+Extensions.swift"; sourceTree = "<group>"; };
		03752BEF270CE4DC0056FA6D /* Color+Extensions.swift */ = {isa = PBXFileReference; fileEncoding = 4; lastKnownFileType = sourcecode.swift; path = "Color+Extensions.swift"; sourceTree = "<group>"; };
		03752BF0270CE4DC0056FA6D /* UILabel+Extensions.swift */ = {isa = PBXFileReference; fileEncoding = 4; lastKnownFileType = sourcecode.swift; path = "UILabel+Extensions.swift"; sourceTree = "<group>"; };
/* End PBXFileReference section */

/* Begin PBXFrameworksBuildPhase section */
		03752B86270CA6000056FA6D /* Frameworks */ = {
			isa = PBXFrameworksBuildPhase;
			buildActionMask = 2147483647;
			files = (
			);
			runOnlyForDeploymentPostprocessing = 0;
		};
		03752B9C270CA60A0056FA6D /* Frameworks */ = {
			isa = PBXFrameworksBuildPhase;
			buildActionMask = 2147483647;
			files = (
			);
			runOnlyForDeploymentPostprocessing = 0;
		};
		03752BA7270CA60A0056FA6D /* Frameworks */ = {
			isa = PBXFrameworksBuildPhase;
			buildActionMask = 2147483647;
			files = (
			);
			runOnlyForDeploymentPostprocessing = 0;
		};
/* End PBXFrameworksBuildPhase section */

/* Begin PBXGroup section */
		03752B80270CA6000056FA6D = {
			isa = PBXGroup;
			children = (
				03752B8B270CA6000056FA6D /* Home_Assignment */,
				03752BA2270CA60A0056FA6D /* Home_AssignmentTests */,
				03752BAD270CA60A0056FA6D /* Home_AssignmentUITests */,
				03752B8A270CA6000056FA6D /* Products */,
			);
			sourceTree = "<group>";
		};
		03752B8A270CA6000056FA6D /* Products */ = {
			isa = PBXGroup;
			children = (
				03752B89270CA6000056FA6D /* Home_Assignment.app */,
				03752B9F270CA60A0056FA6D /* Home_AssignmentTests.xctest */,
				03752BAA270CA60A0056FA6D /* Home_AssignmentUITests.xctest */,
			);
			name = Products;
			sourceTree = "<group>";
		};
		03752B8B270CA6000056FA6D /* Home_Assignment */ = {
			isa = PBXGroup;
			children = (
				03752BED270CE4DC0056FA6D /* Extensions */,
				03752BDC270CE4DC0056FA6D /* Modules */,
				03752BD8270CE4DC0056FA6D /* Resources */,
				03752BEB270CE4DC0056FA6D /* Utilities */,
				03752B8C270CA6000056FA6D /* AppDelegate.swift */,
				03752B8E270CA6000056FA6D /* SceneDelegate.swift */,
				03752B97270CA60A0056FA6D /* LaunchScreen.storyboard */,
				03752B9A270CA60A0056FA6D /* Info.plist */,
			);
			path = Home_Assignment;
			sourceTree = "<group>";
		};
		03752BA2270CA60A0056FA6D /* Home_AssignmentTests */ = {
			isa = PBXGroup;
			children = (
				03752BA3270CA60A0056FA6D /* Home_AssignmentTests.swift */,
				03752BA5270CA60A0056FA6D /* Info.plist */,
			);
			path = Home_AssignmentTests;
			sourceTree = "<group>";
		};
		03752BAD270CA60A0056FA6D /* Home_AssignmentUITests */ = {
			isa = PBXGroup;
			children = (
				03752BAE270CA60A0056FA6D /* Home_AssignmentUITests.swift */,
				03752BB0270CA60A0056FA6D /* Info.plist */,
			);
			path = Home_AssignmentUITests;
			sourceTree = "<group>";
		};
		03752BD8270CE4DC0056FA6D /* Resources */ = {
			isa = PBXGroup;
			children = (
				03752BD9270CE4DC0056FA6D /* Assets.xcassets */,
				03752BDA270CE4DC0056FA6D /* Json */,
			);
			path = Resources;
			sourceTree = "<group>";
		};
		03752BDA270CE4DC0056FA6D /* Json */ = {
			isa = PBXGroup;
			children = (
				03752BDB270CE4DC0056FA6D /* car_list.json */,
			);
			path = Json;
			sourceTree = "<group>";
		};
		03752BDC270CE4DC0056FA6D /* Modules */ = {
			isa = PBXGroup;
			children = (
				03752BDD270CE4DC0056FA6D /* CarModule */,
			);
			path = Modules;
			sourceTree = "<group>";
		};
		03752BDD270CE4DC0056FA6D /* CarModule */ = {
			isa = PBXGroup;
			children = (
				03752BDE270CE4DC0056FA6D /* Presenter */,
				03752BE1270CE4DC0056FA6D /* Subviews */,
				03752BE7270CE4DC0056FA6D /* Modal */,
				03752BE9270CE4DC0056FA6D /* ViewController */,
			);
			path = CarModule;
			sourceTree = "<group>";
		};
		03752BDE270CE4DC0056FA6D /* Presenter */ = {
			isa = PBXGroup;
			children = (
				03752BDF270CE4DC0056FA6D /* GuidomiaFormatter.swift */,
				03752BE0270CE4DC0056FA6D /* GuidomiaPresenter.swift */,
			);
			path = Presenter;
			sourceTree = "<group>";
		};
		03752BE1270CE4DC0056FA6D /* Subviews */ = {
			isa = PBXGroup;
			children = (
				03752BE2270CE4DC0056FA6D /* Cells */,
			);
			path = Subviews;
			sourceTree = "<group>";
		};
		03752BE2270CE4DC0056FA6D /* Cells */ = {
			isa = PBXGroup;
			children = (
				03752BE3270CE4DC0056FA6D /* CarCell.swift */,
				03752BE4270CE4DC0056FA6D /* CarCell2.swift */,
				03752BE5270CE4DC0056FA6D /* CarCell2.xib */,
				03752BE6270CE4DC0056FA6D /* CarCellFormatter.swift */,
			);
			path = Cells;
			sourceTree = "<group>";
		};
		03752BE7270CE4DC0056FA6D /* Modal */ = {
			isa = PBXGroup;
			children = (
				03752BE8270CE4DC0056FA6D /* CarDetails.swift */,
			);
			path = Modal;
			sourceTree = "<group>";
		};
		03752BE9270CE4DC0056FA6D /* ViewController */ = {
			isa = PBXGroup;
			children = (
				03752BEA270CE4DC0056FA6D /* GuidomiaViewController.swift */,
			);
			path = ViewController;
			sourceTree = "<group>";
		};
		03752BEB270CE4DC0056FA6D /* Utilities */ = {
			isa = PBXGroup;
			children = (
				03752BEC270CE4DC0056FA6D /* JsonDecodingFromFile.swift */,
			);
			path = Utilities;
			sourceTree = "<group>";
		};
		03752BED270CE4DC0056FA6D /* Extensions */ = {
			isa = PBXGroup;
			children = (
				03752BEE270CE4DC0056FA6D /* UIView+Extensions.swift */,
				03752BEF270CE4DC0056FA6D /* Color+Extensions.swift */,
				03752BF0270CE4DC0056FA6D /* UILabel+Extensions.swift */,
			);
			path = Extensions;
			sourceTree = "<group>";
		};
/* End PBXGroup section */

/* Begin PBXNativeTarget section */
		03752B88270CA6000056FA6D /* Home_Assignment */ = {
			isa = PBXNativeTarget;
			buildConfigurationList = 03752BB3270CA60A0056FA6D /* Build configuration list for PBXNativeTarget "Home_Assignment" */;
			buildPhases = (
				03752B85270CA6000056FA6D /* Sources */,
				03752B86270CA6000056FA6D /* Frameworks */,
				03752B87270CA6000056FA6D /* Resources */,
			);
			buildRules = (
			);
			dependencies = (
			);
			name = Home_Assignment;
			productName = Home_Assignment;
			productReference = 03752B89270CA6000056FA6D /* Home_Assignment.app */;
			productType = "com.apple.product-type.application";
		};
		03752B9E270CA60A0056FA6D /* Home_AssignmentTests */ = {
			isa = PBXNativeTarget;
			buildConfigurationList = 03752BB6270CA60A0056FA6D /* Build configuration list for PBXNativeTarget "Home_AssignmentTests" */;
			buildPhases = (
				03752B9B270CA60A0056FA6D /* Sources */,
				03752B9C270CA60A0056FA6D /* Frameworks */,
				03752B9D270CA60A0056FA6D /* Resources */,
			);
			buildRules = (
			);
			dependencies = (
				03752BA1270CA60A0056FA6D /* PBXTargetDependency */,
			);
			name = Home_AssignmentTests;
			productName = Home_AssignmentTests;
			productReference = 03752B9F270CA60A0056FA6D /* Home_AssignmentTests.xctest */;
			productType = "com.apple.product-type.bundle.unit-test";
		};
		03752BA9270CA60A0056FA6D /* Home_AssignmentUITests */ = {
			isa = PBXNativeTarget;
			buildConfigurationList = 03752BB9270CA60A0056FA6D /* Build configuration list for PBXNativeTarget "Home_AssignmentUITests" */;
			buildPhases = (
				03752BA6270CA60A0056FA6D /* Sources */,
				03752BA7270CA60A0056FA6D /* Frameworks */,
				03752BA8270CA60A0056FA6D /* Resources */,
			);
			buildRules = (
			);
			dependencies = (
				03752BAC270CA60A0056FA6D /* PBXTargetDependency */,
			);
			name = Home_AssignmentUITests;
			productName = Home_AssignmentUITests;
			productReference = 03752BAA270CA60A0056FA6D /* Home_AssignmentUITests.xctest */;
			productType = "com.apple.product-type.bundle.ui-testing";
		};
/* End PBXNativeTarget section */

/* Begin PBXProject section */
		03752B81270CA6000056FA6D /* Project object */ = {
			isa = PBXProject;
			attributes = {
				LastSwiftUpdateCheck = 1240;
				LastUpgradeCheck = 1240;
				TargetAttributes = {
					03752B88270CA6000056FA6D = {
						CreatedOnToolsVersion = 12.4;
					};
					03752B9E270CA60A0056FA6D = {
						CreatedOnToolsVersion = 12.4;
						TestTargetID = 03752B88270CA6000056FA6D;
					};
					03752BA9270CA60A0056FA6D = {
						CreatedOnToolsVersion = 12.4;
						TestTargetID = 03752B88270CA6000056FA6D;
					};
				};
			};
			buildConfigurationList = 03752B84270CA6000056FA6D /* Build configuration list for PBXProject "Home_Assignment" */;
			compatibilityVersion = "Xcode 9.3";
			developmentRegion = en;
			hasScannedForEncodings = 0;
			knownRegions = (
				en,
				Base,
			);
			mainGroup = 03752B80270CA6000056FA6D;
			productRefGroup = 03752B8A270CA6000056FA6D /* Products */;
			projectDirPath = "";
			projectRoot = "";
			targets = (
				03752B88270CA6000056FA6D /* Home_Assignment */,
				03752B9E270CA60A0056FA6D /* Home_AssignmentTests */,
				03752BA9270CA60A0056FA6D /* Home_AssignmentUITests */,
			);
		};
/* End PBXProject section */

/* Begin PBXResourcesBuildPhase section */
		03752B87270CA6000056FA6D /* Resources */ = {
			isa = PBXResourcesBuildPhase;
			buildActionMask = 2147483647;
			files = (
				03752BF1270CE4DC0056FA6D /* Assets.xcassets in Resources */,
				03752BF7270CE4DC0056FA6D /* CarCell2.xib in Resources */,
				03752BF2270CE4DC0056FA6D /* car_list.json in Resources */,
				03752B99270CA60A0056FA6D /* LaunchScreen.storyboard in Resources */,
			);
			runOnlyForDeploymentPostprocessing = 0;
		};
		03752B9D270CA60A0056FA6D /* Resources */ = {
			isa = PBXResourcesBuildPhase;
			buildActionMask = 2147483647;
			files = (
			);
			runOnlyForDeploymentPostprocessing = 0;
		};
		03752BA8270CA60A0056FA6D /* Resources */ = {
			isa = PBXResourcesBuildPhase;
			buildActionMask = 2147483647;
			files = (
			);
			runOnlyForDeploymentPostprocessing = 0;
		};
/* End PBXResourcesBuildPhase section */

/* Begin PBXSourcesBuildPhase section */
		03752B85270CA6000056FA6D /* Sources */ = {
			isa = PBXSourcesBuildPhase;
			buildActionMask = 2147483647;
			files = (
				03752BFB270CE4DC0056FA6D /* JsonDecodingFromFile.swift in Sources */,
				03752B8D270CA6000056FA6D /* AppDelegate.swift in Sources */,
				03752BF4270CE4DC0056FA6D /* GuidomiaPresenter.swift in Sources */,
				03752BFE270CE4DC0056FA6D /* UILabel+Extensions.swift in Sources */,
				03752BF3270CE4DC0056FA6D /* GuidomiaFormatter.swift in Sources */,
				03752BF6270CE4DC0056FA6D /* CarCell2.swift in Sources */,
				03752BF8270CE4DC0056FA6D /* CarCellFormatter.swift in Sources */,
				03752BF5270CE4DC0056FA6D /* CarCell.swift in Sources */,
				03752B8F270CA6000056FA6D /* SceneDelegate.swift in Sources */,
				03752BF9270CE4DC0056FA6D /* CarDetails.swift in Sources */,
				03752BFA270CE4DC0056FA6D /* GuidomiaViewController.swift in Sources */,
				03752BFC270CE4DC0056FA6D /* UIView+Extensions.swift in Sources */,
				03752BFD270CE4DC0056FA6D /* Color+Extensions.swift in Sources */,
			);
			runOnlyForDeploymentPostprocessing = 0;
		};
		03752B9B270CA60A0056FA6D /* Sources */ = {
			isa = PBXSourcesBuildPhase;
			buildActionMask = 2147483647;
			files = (
				03752BA4270CA60A0056FA6D /* Home_AssignmentTests.swift in Sources */,
			);
			runOnlyForDeploymentPostprocessing = 0;
		};
		03752BA6270CA60A0056FA6D /* Sources */ = {
			isa = PBXSourcesBuildPhase;
			buildActionMask = 2147483647;
			files = (
				03752BAF270CA60A0056FA6D /* Home_AssignmentUITests.swift in Sources */,
			);
			runOnlyForDeploymentPostprocessing = 0;
		};
/* End PBXSourcesBuildPhase section */

/* Begin PBXTargetDependency section */
		03752BA1270CA60A0056FA6D /* PBXTargetDependency */ = {
			isa = PBXTargetDependency;
			target = 03752B88270CA6000056FA6D /* Home_Assignment */;
			targetProxy = 03752BA0270CA60A0056FA6D /* PBXContainerItemProxy */;
		};
		03752BAC270CA60A0056FA6D /* PBXTargetDependency */ = {
			isa = PBXTargetDependency;
			target = 03752B88270CA6000056FA6D /* Home_Assignment */;
			targetProxy = 03752BAB270CA60A0056FA6D /* PBXContainerItemProxy */;
		};
/* End PBXTargetDependency section */

/* Begin PBXVariantGroup section */
		03752B97270CA60A0056FA6D /* LaunchScreen.storyboard */ = {
			isa = PBXVariantGroup;
			children = (
				03752B98270CA60A0056FA6D /* Base */,
			);
			name = LaunchScreen.storyboard;
			sourceTree = "<group>";
		};
/* End PBXVariantGroup section */

/* Begin XCBuildConfiguration section */
		03752BB1270CA60A0056FA6D /* Debug */ = {
			isa = XCBuildConfiguration;
			buildSettings = {
				ALWAYS_SEARCH_USER_PATHS = NO;
				CLANG_ANALYZER_NONNULL = YES;
				CLANG_ANALYZER_NUMBER_OBJECT_CONVERSION = YES_AGGRESSIVE;
				CLANG_CXX_LANGUAGE_STANDARD = "gnu++14";
				CLANG_CXX_LIBRARY = "libc++";
				CLANG_ENABLE_MODULES = YES;
				CLANG_ENABLE_OBJC_ARC = YES;
				CLANG_ENABLE_OBJC_WEAK = YES;
				CLANG_WARN_BLOCK_CAPTURE_AUTORELEASING = YES;
				CLANG_WARN_BOOL_CONVERSION = YES;
				CLANG_WARN_COMMA = YES;
				CLANG_WARN_CONSTANT_CONVERSION = YES;
				CLANG_WARN_DEPRECATED_OBJC_IMPLEMENTATIONS = YES;
				CLANG_WARN_DIRECT_OBJC_ISA_USAGE = YES_ERROR;
				CLANG_WARN_DOCUMENTATION_COMMENTS = YES;
				CLANG_WARN_EMPTY_BODY = YES;
				CLANG_WARN_ENUM_CONVERSION = YES;
				CLANG_WARN_INFINITE_RECURSION = YES;
				CLANG_WARN_INT_CONVERSION = YES;
				CLANG_WARN_NON_LITERAL_NULL_CONVERSION = YES;
				CLANG_WARN_OBJC_IMPLICIT_RETAIN_SELF = YES;
				CLANG_WARN_OBJC_LITERAL_CONVERSION = YES;
				CLANG_WARN_OBJC_ROOT_CLASS = YES_ERROR;
				CLANG_WARN_QUOTED_INCLUDE_IN_FRAMEWORK_HEADER = YES;
				CLANG_WARN_RANGE_LOOP_ANALYSIS = YES;
				CLANG_WARN_STRICT_PROTOTYPES = YES;
				CLANG_WARN_SUSPICIOUS_MOVE = YES;
				CLANG_WARN_UNGUARDED_AVAILABILITY = YES_AGGRESSIVE;
				CLANG_WARN_UNREACHABLE_CODE = YES;
				CLANG_WARN__DUPLICATE_METHOD_MATCH = YES;
				COPY_PHASE_STRIP = NO;
				DEBUG_INFORMATION_FORMAT = dwarf;
				ENABLE_STRICT_OBJC_MSGSEND = YES;
				ENABLE_TESTABILITY = YES;
				GCC_C_LANGUAGE_STANDARD = gnu11;
				GCC_DYNAMIC_NO_PIC = NO;
				GCC_NO_COMMON_BLOCKS = YES;
				GCC_OPTIMIZATION_LEVEL = 0;
				GCC_PREPROCESSOR_DEFINITIONS = (
					"DEBUG=1",
					"$(inherited)",
				);
				GCC_WARN_64_TO_32_BIT_CONVERSION = YES;
				GCC_WARN_ABOUT_RETURN_TYPE = YES_ERROR;
				GCC_WARN_UNDECLARED_SELECTOR = YES;
				GCC_WARN_UNINITIALIZED_AUTOS = YES_AGGRESSIVE;
				GCC_WARN_UNUSED_FUNCTION = YES;
				GCC_WARN_UNUSED_VARIABLE = YES;
				IPHONEOS_DEPLOYMENT_TARGET = 14.4;
				MTL_ENABLE_DEBUG_INFO = INCLUDE_SOURCE;
				MTL_FAST_MATH = YES;
				ONLY_ACTIVE_ARCH = YES;
				SDKROOT = iphoneos;
				SWIFT_ACTIVE_COMPILATION_CONDITIONS = DEBUG;
				SWIFT_OPTIMIZATION_LEVEL = "-Onone";
			};
			name = Debug;
		};
		03752BB2270CA60A0056FA6D /* Release */ = {
			isa = XCBuildConfiguration;
			buildSettings = {
				ALWAYS_SEARCH_USER_PATHS = NO;
				CLANG_ANALYZER_NONNULL = YES;
				CLANG_ANALYZER_NUMBER_OBJECT_CONVERSION = YES_AGGRESSIVE;
				CLANG_CXX_LANGUAGE_STANDARD = "gnu++14";
				CLANG_CXX_LIBRARY = "libc++";
				CLANG_ENABLE_MODULES = YES;
				CLANG_ENABLE_OBJC_ARC = YES;
				CLANG_ENABLE_OBJC_WEAK = YES;
				CLANG_WARN_BLOCK_CAPTURE_AUTORELEASING = YES;
				CLANG_WARN_BOOL_CONVERSION = YES;
				CLANG_WARN_COMMA = YES;
				CLANG_WARN_CONSTANT_CONVERSION = YES;
				CLANG_WARN_DEPRECATED_OBJC_IMPLEMENTATIONS = YES;
				CLANG_WARN_DIRECT_OBJC_ISA_USAGE = YES_ERROR;
				CLANG_WARN_DOCUMENTATION_COMMENTS = YES;
				CLANG_WARN_EMPTY_BODY = YES;
				CLANG_WARN_ENUM_CONVERSION = YES;
				CLANG_WARN_INFINITE_RECURSION = YES;
				CLANG_WARN_INT_CONVERSION = YES;
				CLANG_WARN_NON_LITERAL_NULL_CONVERSION = YES;
				CLANG_WARN_OBJC_IMPLICIT_RETAIN_SELF = YES;
				CLANG_WARN_OBJC_LITERAL_CONVERSION = YES;
				CLANG_WARN_OBJC_ROOT_CLASS = YES_ERROR;
				CLANG_WARN_QUOTED_INCLUDE_IN_FRAMEWORK_HEADER = YES;
				CLANG_WARN_RANGE_LOOP_ANALYSIS = YES;
				CLANG_WARN_STRICT_PROTOTYPES = YES;
				CLANG_WARN_SUSPICIOUS_MOVE = YES;
				CLANG_WARN_UNGUARDED_AVAILABILITY = YES_AGGRESSIVE;
				CLANG_WARN_UNREACHABLE_CODE = YES;
				CLANG_WARN__DUPLICATE_METHOD_MATCH = YES;
				COPY_PHASE_STRIP = NO;
				DEBUG_INFORMATION_FORMAT = "dwarf-with-dsym";
				ENABLE_NS_ASSERTIONS = NO;
				ENABLE_STRICT_OBJC_MSGSEND = YES;
				GCC_C_LANGUAGE_STANDARD = gnu11;
				GCC_NO_COMMON_BLOCKS = YES;
				GCC_WARN_64_TO_32_BIT_CONVERSION = YES;
				GCC_WARN_ABOUT_RETURN_TYPE = YES_ERROR;
				GCC_WARN_UNDECLARED_SELECTOR = YES;
				GCC_WARN_UNINITIALIZED_AUTOS = YES_AGGRESSIVE;
				GCC_WARN_UNUSED_FUNCTION = YES;
				GCC_WARN_UNUSED_VARIABLE = YES;
				IPHONEOS_DEPLOYMENT_TARGET = 14.4;
				MTL_ENABLE_DEBUG_INFO = NO;
				MTL_FAST_MATH = YES;
				SDKROOT = iphoneos;
				SWIFT_COMPILATION_MODE = wholemodule;
				SWIFT_OPTIMIZATION_LEVEL = "-O";
				VALIDATE_PRODUCT = YES;
			};
			name = Release;
		};
		03752BB4270CA60A0056FA6D /* Debug */ = {
			isa = XCBuildConfiguration;
			buildSettings = {
				ASSETCATALOG_COMPILER_APPICON_NAME = AppIcon;
				ASSETCATALOG_COMPILER_GLOBAL_ACCENT_COLOR_NAME = AccentColor;
				CODE_SIGN_STYLE = Automatic;
				INFOPLIST_FILE = Home_Assignment/Info.plist;
				LD_RUNPATH_SEARCH_PATHS = (
					"$(inherited)",
					"@executable_path/Frameworks",
				);
				PRODUCT_BUNDLE_IDENTIFIER = "Com.Home-Assignment";
				PRODUCT_NAME = "$(TARGET_NAME)";
				SWIFT_VERSION = 5.0;
				TARGETED_DEVICE_FAMILY = "1,2";
			};
			name = Debug;
		};
		03752BB5270CA60A0056FA6D /* Release */ = {
			isa = XCBuildConfiguration;
			buildSettings = {
				ASSETCATALOG_COMPILER_APPICON_NAME = AppIcon;
				ASSETCATALOG_COMPILER_GLOBAL_ACCENT_COLOR_NAME = AccentColor;
				CODE_SIGN_STYLE = Automatic;
				INFOPLIST_FILE = Home_Assignment/Info.plist;
				LD_RUNPATH_SEARCH_PATHS = (
					"$(inherited)",
					"@executable_path/Frameworks",
				);
				PRODUCT_BUNDLE_IDENTIFIER = "Com.Home-Assignment";
				PRODUCT_NAME = "$(TARGET_NAME)";
				SWIFT_VERSION = 5.0;
				TARGETED_DEVICE_FAMILY = "1,2";
			};
			name = Release;
		};
		03752BB7270CA60A0056FA6D /* Debug */ = {
			isa = XCBuildConfiguration;
			buildSettings = {
				ALWAYS_EMBED_SWIFT_STANDARD_LIBRARIES = YES;
				BUNDLE_LOADER = "$(TEST_HOST)";
				CODE_SIGN_STYLE = Automatic;
				INFOPLIST_FILE = Home_AssignmentTests/Info.plist;
				IPHONEOS_DEPLOYMENT_TARGET = 14.4;
				LD_RUNPATH_SEARCH_PATHS = (
					"$(inherited)",
					"@executable_path/Frameworks",
					"@loader_path/Frameworks",
				);
				PRODUCT_BUNDLE_IDENTIFIER = "Com.Home-AssignmentTests";
				PRODUCT_NAME = "$(TARGET_NAME)";
				SWIFT_VERSION = 5.0;
				TARGETED_DEVICE_FAMILY = "1,2";
				TEST_HOST = "$(BUILT_PRODUCTS_DIR)/Home_Assignment.app/Home_Assignment";
			};
			name = Debug;
		};
		03752BB8270CA60A0056FA6D /* Release */ = {
			isa = XCBuildConfiguration;
			buildSettings = {
				ALWAYS_EMBED_SWIFT_STANDARD_LIBRARIES = YES;
				BUNDLE_LOADER = "$(TEST_HOST)";
				CODE_SIGN_STYLE = Automatic;
				INFOPLIST_FILE = Home_AssignmentTests/Info.plist;
				IPHONEOS_DEPLOYMENT_TARGET = 14.4;
				LD_RUNPATH_SEARCH_PATHS = (
					"$(inherited)",
					"@executable_path/Frameworks",
					"@loader_path/Frameworks",
				);
				PRODUCT_BUNDLE_IDENTIFIER = "Com.Home-AssignmentTests";
				PRODUCT_NAME = "$(TARGET_NAME)";
				SWIFT_VERSION = 5.0;
				TARGETED_DEVICE_FAMILY = "1,2";
				TEST_HOST = "$(BUILT_PRODUCTS_DIR)/Home_Assignment.app/Home_Assignment";
			};
			name = Release;
		};
		03752BBA270CA60A0056FA6D /* Debug */ = {
			isa = XCBuildConfiguration;
			buildSettings = {
				ALWAYS_EMBED_SWIFT_STANDARD_LIBRARIES = YES;
				CODE_SIGN_STYLE = Automatic;
				INFOPLIST_FILE = Home_AssignmentUITests/Info.plist;
				LD_RUNPATH_SEARCH_PATHS = (
					"$(inherited)",
					"@executable_path/Frameworks",
					"@loader_path/Frameworks",
				);
				PRODUCT_BUNDLE_IDENTIFIER = "Com.Home-AssignmentUITests";
				PRODUCT_NAME = "$(TARGET_NAME)";
				SWIFT_VERSION = 5.0;
				TARGETED_DEVICE_FAMILY = "1,2";
				TEST_TARGET_NAME = Home_Assignment;
			};
			name = Debug;
		};
		03752BBB270CA60A0056FA6D /* Release */ = {
			isa = XCBuildConfiguration;
			buildSettings = {
				ALWAYS_EMBED_SWIFT_STANDARD_LIBRARIES = YES;
				CODE_SIGN_STYLE = Automatic;
				INFOPLIST_FILE = Home_AssignmentUITests/Info.plist;
				LD_RUNPATH_SEARCH_PATHS = (
					"$(inherited)",
					"@executable_path/Frameworks",
					"@loader_path/Frameworks",
				);
				PRODUCT_BUNDLE_IDENTIFIER = "Com.Home-AssignmentUITests";
				PRODUCT_NAME = "$(TARGET_NAME)";
				SWIFT_VERSION = 5.0;
				TARGETED_DEVICE_FAMILY = "1,2";
				TEST_TARGET_NAME = Home_Assignment;
			};
			name = Release;
		};
/* End XCBuildConfiguration section */

/* Begin XCConfigurationList section */
		03752B84270CA6000056FA6D /* Build configuration list for PBXProject "Home_Assignment" */ = {
			isa = XCConfigurationList;
			buildConfigurations = (
				03752BB1270CA60A0056FA6D /* Debug */,
				03752BB2270CA60A0056FA6D /* Release */,
			);
			defaultConfigurationIsVisible = 0;
			defaultConfigurationName = Release;
		};
		03752BB3270CA60A0056FA6D /* Build configuration list for PBXNativeTarget "Home_Assignment" */ = {
			isa = XCConfigurationList;
			buildConfigurations = (
				03752BB4270CA60A0056FA6D /* Debug */,
				03752BB5270CA60A0056FA6D /* Release */,
			);
			defaultConfigurationIsVisible = 0;
			defaultConfigurationName = Release;
		};
		03752BB6270CA60A0056FA6D /* Build configuration list for PBXNativeTarget "Home_AssignmentTests" */ = {
			isa = XCConfigurationList;
			buildConfigurations = (
				03752BB7270CA60A0056FA6D /* Debug */,
				03752BB8270CA60A0056FA6D /* Release */,
			);
			defaultConfigurationIsVisible = 0;
			defaultConfigurationName = Release;
		};
		03752BB9270CA60A0056FA6D /* Build configuration list for PBXNativeTarget "Home_AssignmentUITests" */ = {
			isa = XCConfigurationList;
			buildConfigurations = (
				03752BBA270CA60A0056FA6D /* Debug */,
				03752BBB270CA60A0056FA6D /* Release */,
			);
			defaultConfigurationIsVisible = 0;
			defaultConfigurationName = Release;
		};
/* End XCConfigurationList section */
	};
	rootObject = 03752B81270CA6000056FA6D /* Project object */;
}
